
Microsoft Visual Studio Solution File, Format Version 12.00
# Visual Studio Version 17
VisualStudioVersion = 17.9.34728.123
MinimumVisualStudioVersion = 10.0.40219.1
Project("{9A19103F-16F7-4668-BE54-9A1E7A4F7556}") = "PortalGalaxy.Client", "PortalGalaxy.Client\PortalGalaxy.Client.csproj", "{3B01DB32-34A2-4831-B4D0-139E3975E67E}"
EndProject
Project("{9A19103F-16F7-4668-BE54-9A1E7A4F7556}") = "PortalGalaxy.Shared", "PortalGalaxy.Shared\PortalGalaxy.Shared.csproj", "{AAB077B5-5BA3-4DBD-9320-7AD140343D62}"
EndProject
Global
	GlobalSection(SolutionConfigurationPlatforms) = preSolution
		Debug|Any CPU = Debug|Any CPU
		Release|Any CPU = Release|Any CPU
	EndGlobalSection
	GlobalSection(ProjectConfigurationPlatforms) = postSolution
		{3B01DB32-34A2-4831-B4D0-139E3975E67E}.Debug|Any CPU.ActiveCfg = Debug|Any CPU
		{3B01DB32-34A2-4831-B4D0-139E3975E67E}.Debug|Any CPU.Build.0 = Debug|Any CPU
		{3B01DB32-34A2-4831-B4D0-139E3975E67E}.Release|Any CPU.ActiveCfg = Release|Any CPU
		{3B01DB32-34A2-4831-B4D0-139E3975E67E}.Release|Any CPU.Build.0 = Release|Any CPU
		{AAB077B5-5BA3-4DBD-9320-7AD140343D62}.Debug|Any CPU.ActiveCfg = Debug|Any CPU
		{AAB077B5-5BA3-4DBD-9320-7AD140343D62}.Debug|Any CPU.Build.0 = Debug|Any CPU
		{AAB077B5-5BA3-4DBD-9320-7AD140343D62}.Release|Any CPU.ActiveCfg = Release|Any CPU
		{AAB077B5-5BA3-4DBD-9320-7AD140343D62}.Release|Any CPU.Build.0 = Release|Any CPU
	EndGlobalSection
	GlobalSection(SolutionProperties) = preSolution
		HideSolutionNode = FALSE
	EndGlobalSection
	GlobalSection(ExtensibilityGlobals) = postSolution
		SolutionGuid = {DADA9A68-0D1B-46B8-8AE2-D02AD2DD5F26}
	EndGlobalSection
EndGlobal
